
Microsoft Visual Studio Solution File, Format Version 12.00
# Visual Studio 15
VisualStudioVersion = 15.0.28307.136
MinimumVisualStudioVersion = 10.0.40219.1
Project("{FAE04EC0-301F-11D3-BF4B-00C04F79EFBC}") = "HLAE mirv_pgl client", "HLAE mirv_pgl client.csproj", "{F97D0FD6-D5C5-4C02-9ACE-6A0432470546}"
EndProject
Global
	GlobalSection(SolutionConfigurationPlatforms) = preSolution
		Debug|Any CPU = Debug|Any CPU
		Debug|x64 = Debug|x64
		Release|Any CPU = Release|Any CPU
		Release|x64 = Release|x64
	EndGlobalSection
	GlobalSection(ProjectConfigurationPlatforms) = postSolution
		{F97D0FD6-D5C5-4C02-9ACE-6A0432470546}.Debug|Any CPU.ActiveCfg = Debug|Any CPU
		{F97D0FD6-D5C5-4C02-9ACE-6A0432470546}.Debug|Any CPU.Build.0 = Debug|Any CPU
		{F97D0FD6-D5C5-4C02-9ACE-6A0432470546}.Debug|x64.ActiveCfg = Debug|x64
		{F97D0FD6-D5C5-4C02-9ACE-6A0432470546}.Debug|x64.Build.0 = Debug|x64
		{F97D0FD6-D5C5-4C02-9ACE-6A0432470546}.Release|Any CPU.ActiveCfg = Release|Any CPU
		{F97D0FD6-D5C5-4C02-9ACE-6A0432470546}.Release|Any CPU.Build.0 = Release|Any CPU
		{F97D0FD6-D5C5-4C02-9ACE-6A0432470546}.Release|x64.ActiveCfg = Release|x64
		{F97D0FD6-D5C5-4C02-9ACE-6A0432470546}.Release|x64.Build.0 = Release|x64
	EndGlobalSection
	GlobalSection(SolutionProperties) = preSolution
		HideSolutionNode = FALSE
	EndGlobalSection
	GlobalSection(ExtensibilityGlobals) = postSolution
		SolutionGuid = {BAB4948C-1EF1-4590-8334-7FB5366DCBE1}
	EndGlobalSection
EndGlobal
